
Microsoft Visual Studio Solution File, Format Version 12.00
# Visual Studio Version 16
VisualStudioVersion = 16.0.31410.357
MinimumVisualStudioVersion = 10.0.40219.1
Project("{9A19103F-16F7-4668-BE54-9A1E7A4F7556}") = "jework", "jework.csproj", "{36CA18F1-E597-47FB-934D-91E9633F40F6}"
EndProject
Global
	GlobalSection(SolutionConfigurationPlatforms) = preSolution
		Debug|Any CPU = Debug|Any CPU
		Release|Any CPU = Release|Any CPU
	EndGlobalSection
	GlobalSection(ProjectConfigurationPlatforms) = postSolution
		{36CA18F1-E597-47FB-934D-91E9633F40F6}.Debug|Any CPU.ActiveCfg = Debug|Any CPU
		{36CA18F1-E597-47FB-934D-91E9633F40F6}.Debug|Any CPU.Build.0 = Debug|Any CPU
		{36CA18F1-E597-47FB-934D-91E9633F40F6}.Release|Any CPU.ActiveCfg = Release|Any CPU
		{36CA18F1-E597-47FB-934D-91E9633F40F6}.Release|Any CPU.Build.0 = Release|Any CPU
	EndGlobalSection
	GlobalSection(SolutionProperties) = preSolution
		HideSolutionNode = FALSE
	EndGlobalSection
	GlobalSection(ExtensibilityGlobals) = postSolution
		SolutionGuid = {08DE30C1-E343-47D5-9F62-D0A348F4FD0F}
	EndGlobalSection
EndGlobal
